{
  "originHash" : "3ec962c3bc2c9dcb99b13127aec1a7e541cdb0a403f9b220b78edba7f8f4eb90",
  "pins" : [
    {
      "identity" : "club-unison",
      "kind" : "remoteSourceControl",
      "location" : "https://github.com/chronista-club/club-unison.git",
      "state" : {
        "revision" : "63eff2ed86846fafd50a726f693e45cfe7e9595d",
        "version" : "2.0.0"
      }
    },
    {
      "identity" : "grdb.swift",
      "kind" : "remoteSourceControl",
      "location" : "https://github.com/groue/GRDB.swift.git",
      "state" : {
        "revision" : "b83108d10f42680d78f23fe4d4d80fc88dab3212",
        "version" : "7.11.1"
      }
    },
    {
      "identity" : "midistage",
      "kind" : "remoteSourceControl",
      "location" : "https://github.com/chronista-club/midistage.git",
      "state" : {
        "revision" : "709d111a27ae481eef39aec1d8c2da7f68dfb942"
      }
    },
    {
      "identity" : "swift-protobuf",
      "kind" : "remoteSourceControl",
      "location" : "https://github.com/apple/swift-protobuf.git",
      "state" : {
        "revision" : "55d7a1cc5666b85c13464aea1c4b4a90feccb4c8",
        "version" : "1.38.1"
      }
    },
    {
      "identity" : "zstd",
      "kind" : "remoteSourceControl",
      "location" : "https://github.com/facebook/zstd.git",
      "state" : {
        "revision" : "f8745da6ff1ad1e7bab384bd1f9d742439278e99",
        "version" : "1.5.7"
      }
    }
  ],
  "version" : 3
}
